
Microsoft Visual Studio Solution File, Format Version 12.00
# Visual Studio Version 17
VisualStudioVersion = 17.13.35919.96 d17.13
MinimumVisualStudioVersion = 10.0.40219.1
Project("{FAE04EC0-301F-11D3-BF4B-00C04F79EFBC}") = "Seguimientos", "Seguimientos\Seguimientos.csproj", "{5F11907D-3011-4689-8D4C-DB1EDAFD2167}"
EndProject
Global
	GlobalSection(SolutionConfigurationPlatforms) = preSolution
		Debug|Any CPU = Debug|Any CPU
		Release|Any CPU = Release|Any CPU
	EndGlobalSection
	GlobalSection(ProjectConfigurationPlatforms) = postSolution
		{5F11907D-3011-4689-8D4C-DB1EDAFD2167}.Debug|Any CPU.ActiveCfg = Debug|Any CPU
		{5F11907D-3011-4689-8D4C-DB1EDAFD2167}.Debug|Any CPU.Build.0 = Debug|Any CPU
		{5F11907D-3011-4689-8D4C-DB1EDAFD2167}.Release|Any CPU.ActiveCfg = Release|Any CPU
		{5F11907D-3011-4689-8D4C-DB1EDAFD2167}.Release|Any CPU.Build.0 = Release|Any CPU
	EndGlobalSection
	GlobalSection(SolutionProperties) = preSolution
		HideSolutionNode = FALSE
	EndGlobalSection
	GlobalSection(ExtensibilityGlobals) = postSolution
		SolutionGuid = {7A56A080-0057-4076-B2F2-55D4017F9BA9}
	EndGlobalSection
EndGlobal
